
Microsoft Visual Studio Solution File, Format Version 12.00
# Visual Studio Version 16
VisualStudioVersion = 16.0.29215.179
MinimumVisualStudioVersion = 10.0.40219.1
Project("{9A19103F-16F7-4668-BE54-9A1E7A4F7556}") = "ServerlessAuthenticationWithAzureActiveDirectory", "ServerlessAuthenticationWithAzureActiveDirectory.csproj", "{EA9A2CD4-B9EE-4068-84F3-2523B8C12164}"
EndProject
Global
	GlobalSection(SolutionConfigurationPlatforms) = preSolution
		Debug|Any CPU = Debug|Any CPU
		Release|Any CPU = Release|Any CPU
	EndGlobalSection
	GlobalSection(ProjectConfigurationPlatforms) = postSolution
		{EA9A2CD4-B9EE-4068-84F3-2523B8C12164}.Debug|Any CPU.ActiveCfg = Debug|Any CPU
		{EA9A2CD4-B9EE-4068-84F3-2523B8C12164}.Debug|Any CPU.Build.0 = Debug|Any CPU
		{EA9A2CD4-B9EE-4068-84F3-2523B8C12164}.Release|Any CPU.ActiveCfg = Release|Any CPU
		{EA9A2CD4-B9EE-4068-84F3-2523B8C12164}.Release|Any CPU.Build.0 = Release|Any CPU
	EndGlobalSection
	GlobalSection(SolutionProperties) = preSolution
		HideSolutionNode = FALSE
	EndGlobalSection
	GlobalSection(ExtensibilityGlobals) = postSolution
		SolutionGuid = {4730E1FA-A33C-4E44-B73A-19B1F20034C8}
	EndGlobalSection
EndGlobal
